
Microsoft Visual Studio Solution File, Format Version 12.00
# Visual Studio Version 17
VisualStudioVersion = 17.3.32922.545
MinimumVisualStudioVersion = 10.0.40219.1
Project("{9A19103F-16F7-4668-BE54-9A1E7A4F7556}") = "eShopCoreWeb.WebApp", "eShopCoreWeb\eShopCoreWeb.WebApp.csproj", "{07CF2257-A247-4E11-83EA-532E883F621B}"
EndProject
Project("{9A19103F-16F7-4668-BE54-9A1E7A4F7556}") = "eShopCoreWeb.Data", "Test\eShopCoreWeb.Data.csproj", "{D4E39067-5EEF-4BFB-AACF-7AC2A4550FE2}"
EndProject
Project("{9A19103F-16F7-4668-BE54-9A1E7A4F7556}") = "eShopCoreWeb.Application", "eShopCoreWeb.Application\eShopCoreWeb.Application.csproj", "{5D9C5E3A-A5BB-4AD4-8288-15F08A685DCB}"
EndProject
Project("{9A19103F-16F7-4668-BE54-9A1E7A4F7556}") = "eShopCoreWeb.Utilities", "eShopCoreWeb.Utilities\eShopCoreWeb.Utilities.csproj", "{0987EAD3-DA72-4C82-A335-D6A4E75519DE}"
EndProject
Project("{9A19103F-16F7-4668-BE54-9A1E7A4F7556}") = "eShopCoreWeb.BackendApi", "eShopCoreWeb.BackendApi\eShopCoreWeb.BackendApi.csproj", "{6DF08473-0471-4314-A1E0-199D64FDBA39}"
EndProject
Project("{9A19103F-16F7-4668-BE54-9A1E7A4F7556}") = "eShopCoreWeb.ViewModels", "ViewModels\eShopCoreWeb.ViewModels.csproj", "{120D332E-A2BA-43DE-BA73-DE4B45613981}"
EndProject
Project("{9A19103F-16F7-4668-BE54-9A1E7A4F7556}") = "eShopCoreWeb.AdminApp", "eShopCoreWeb.AdminApp\eShopCoreWeb.AdminApp.csproj", "{A2F1F170-AF9D-4CC9-97C2-E58E1750A0AE}"
EndProject
Project("{FAE04EC0-301F-11D3-BF4B-00C04F79EFBC}") = "eShopCoreWeb.ApiIntegration", "eShopCoreWeb.ApiIntegration\eShopCoreWeb.ApiIntegration.csproj", "{9ADCFB23-B52F-4067-B4D6-C4C0F65FEF96}"
EndProject
Global
	GlobalSection(SolutionConfigurationPlatforms) = preSolution
		Debug|Any CPU = Debug|Any CPU
		Release|Any CPU = Release|Any CPU
	EndGlobalSection
	GlobalSection(ProjectConfigurationPlatforms) = postSolution
		{07CF2257-A247-4E11-83EA-532E883F621B}.Debug|Any CPU.ActiveCfg = Debug|Any CPU
		{07CF2257-A247-4E11-83EA-532E883F621B}.Debug|Any CPU.Build.0 = Debug|Any CPU
		{07CF2257-A247-4E11-83EA-532E883F621B}.Release|Any CPU.ActiveCfg = Release|Any CPU
		{07CF2257-A247-4E11-83EA-532E883F621B}.Release|Any CPU.Build.0 = Release|Any CPU
		{D4E39067-5EEF-4BFB-AACF-7AC2A4550FE2}.Debug|Any CPU.ActiveCfg = Debug|Any CPU
		{D4E39067-5EEF-4BFB-AACF-7AC2A4550FE2}.Debug|Any CPU.Build.0 = Debug|Any CPU
		{D4E39067-5EEF-4BFB-AACF-7AC2A4550FE2}.Release|Any CPU.ActiveCfg = Release|Any CPU
		{D4E39067-5EEF-4BFB-AACF-7AC2A4550FE2}.Release|Any CPU.Build.0 = Release|Any CPU
		{5D9C5E3A-A5BB-4AD4-8288-15F08A685DCB}.Debug|Any CPU.ActiveCfg = Debug|Any CPU
		{5D9C5E3A-A5BB-4AD4-8288-15F08A685DCB}.Debug|Any CPU.Build.0 = Debug|Any CPU
		{5D9C5E3A-A5BB-4AD4-8288-15F08A685DCB}.Release|Any CPU.ActiveCfg = Release|Any CPU
		{5D9C5E3A-A5BB-4AD4-8288-15F08A685DCB}.Release|Any CPU.Build.0 = Release|Any CPU
		{0987EAD3-DA72-4C82-A335-D6A4E75519DE}.Debug|Any CPU.ActiveCfg = Debug|Any CPU
		{0987EAD3-DA72-4C82-A335-D6A4E75519DE}.Debug|Any CPU.Build.0 = Debug|Any CPU
		{0987EAD3-DA72-4C82-A335-D6A4E75519DE}.Release|Any CPU.ActiveCfg = Release|Any CPU
		{0987EAD3-DA72-4C82-A335-D6A4E75519DE}.Release|Any CPU.Build.0 = Release|Any CPU
		{6DF08473-0471-4314-A1E0-199D64FDBA39}.Debug|Any CPU.ActiveCfg = Debug|Any CPU
		{6DF08473-0471-4314-A1E0-199D64FDBA39}.Debug|Any CPU.Build.0 = Debug|Any CPU
		{6DF08473-0471-4314-A1E0-199D64FDBA39}.Release|Any CPU.ActiveCfg = Release|Any CPU
		{6DF08473-0471-4314-A1E0-199D64FDBA39}.Release|Any CPU.Build.0 = Release|Any CPU
		{120D332E-A2BA-43DE-BA73-DE4B45613981}.Debug|Any CPU.ActiveCfg = Debug|Any CPU
		{120D332E-A2BA-43DE-BA73-DE4B45613981}.Debug|Any CPU.Build.0 = Debug|Any CPU
		{120D332E-A2BA-43DE-BA73-DE4B45613981}.Release|Any CPU.ActiveCfg = Release|Any CPU
		{120D332E-A2BA-43DE-BA73-DE4B45613981}.Release|Any CPU.Build.0 = Release|Any CPU
		{A2F1F170-AF9D-4CC9-97C2-E58E1750A0AE}.Debug|Any CPU.ActiveCfg = Debug|Any CPU
		{A2F1F170-AF9D-4CC9-97C2-E58E1750A0AE}.Debug|Any CPU.Build.0 = Debug|Any CPU
		{A2F1F170-AF9D-4CC9-97C2-E58E1750A0AE}.Release|Any CPU.ActiveCfg = Release|Any CPU
		{A2F1F170-AF9D-4CC9-97C2-E58E1750A0AE}.Release|Any CPU.Build.0 = Release|Any CPU
		{9ADCFB23-B52F-4067-B4D6-C4C0F65FEF96}.Debug|Any CPU.ActiveCfg = Debug|Any CPU
		{9ADCFB23-B52F-4067-B4D6-C4C0F65FEF96}.Debug|Any CPU.Build.0 = Debug|Any CPU
		{9ADCFB23-B52F-4067-B4D6-C4C0F65FEF96}.Release|Any CPU.ActiveCfg = Release|Any CPU
		{9ADCFB23-B52F-4067-B4D6-C4C0F65FEF96}.Release|Any CPU.Build.0 = Release|Any CPU
	EndGlobalSection
	GlobalSection(SolutionProperties) = preSolution
		HideSolutionNode = FALSE
	EndGlobalSection
	GlobalSection(ExtensibilityGlobals) = postSolution
		SolutionGuid = {1A340651-FD41-45CC-B723-74058D8002D3}
	EndGlobalSection
EndGlobal
